{
  "name": "nlw",
  "version": "1.0.0",
  "lockfileVersion": 2,
  "requires": true,
  "packages": {
    "": {
      "name": "nlw",
      "version": "1.0.0",
      "license": "ISC",
      "dependencies": {
        "create-next-app": "^13.0.1"
      },
      "devDependencies": {}
    },
    "node_modules/create-next-app": {
      "version": "13.0.1",
      "resolved": "https://registry.npmjs.org/create-next-app/-/create-next-app-13.0.1.tgz",
      "integrity": "sha512-YrB1Dz5zRBAIN/BhvAQ9AXrITLj7jnj1wvuKM48W7vJ/vZC4oUKD3zJFW6wabn7AmybSG+pzzdiKgXQMywct3w==",
      "bin": {
        "create-next-app": "dist/index.js"
      },
      "engines": {
        "node": ">=14.6.0"
      }
    }
  },
  "dependencies": {
    "create-next-app": {
      "version": "13.0.1",
      "resolved": "https://registry.npmjs.org/create-next-app/-/create-next-app-13.0.1.tgz",
      "integrity": "sha512-YrB1Dz5zRBAIN/BhvAQ9AXrITLj7jnj1wvuKM48W7vJ/vZC4oUKD3zJFW6wabn7AmybSG+pzzdiKgXQMywct3w=="
    }
  }
}
